<?xml version="1.0" encoding="utf-8"?>
<Project ToolsVersion="4.0" xmlns="http://schemas.microsoft.com/developer/msbuild/2003">
  <ItemGroup>
    <Filter Include="Source Files">
      <UniqueIdentifier>{4FC737F1-C7A5-4376-A066-2A32D752A2FF}</UniqueIdentifier>
      <Extensions>cpp;c;cc;cxx;c++;cppm;ixx;def;odl;idl;hpj;bat;asm;asmx</Extensions>
    </Filter>
    <Filter Include="Resource Files">
      <UniqueIdentifier>{67DA6AB6-F800-4c08-8B7A-83BB121AAD01}</UniqueIdentifier>
      <Extensions>rc;ico;cur;bmp;dlg;rc2;rct;bin;rgs;gif;jpg;jpeg;jpe;resx;tiff;tif;png;wav;mfcribbon-ms</Extensions>
    </Filter>
    <Filter Include="Engine">
      <UniqueIdentifier>{93995380-89BD-4b04-88EB-625FBE52EBFB}</UniqueIdentifier>
      <Extensions>h;hh;hpp;hxx;h++;hm;inl;inc;ipp;xsd</Extensions>
    </Filter>
    <Filter Include="Engine\Game">
      <UniqueIdentifier>{3d7e620c-1cbd-4e1f-a52b-1df06e4d1630}</UniqueIdentifier>
    </Filter>
    <Filter Include="Engine\Managers">
      <UniqueIdentifier>{a6353047-0b21-4d98-b6fe-4c841c614bc8}</UniqueIdentifier>
    </Filter>
    <Filter Include="Engine\Command">
      <UniqueIdentifier>{978b56cb-2edc-41be-bd57-02c7ca1b4b93}</UniqueIdentifier>
    </Filter>
    <Filter Include="Engine\Scenes">
      <UniqueIdentifier>{8df08f2d-570c-49c5-a166-5ef6c63ad5dd}</UniqueIdentifier>
    </Filter>
    <Filter Include="Engine\Components">
      <UniqueIdentifier>{a8b7d55c-809c-4135-8f41-a99512873fda}</UniqueIdentifier>
    </Filter>
    <Filter Include="Engine\Components\AssignmentComponents">
      <UniqueIdentifier>{16f92c94-24b6-4213-9984-30fb944a752c}</UniqueIdentifier>
    </Filter>
    <Filter Include="Engine\Rendering">
      <UniqueIdentifier>{c18c0cd7-5f88-4cb8-9ddb-f454d74bd22f}</UniqueIdentifier>
    </Filter>
    <Filter Include="Engine\Scenes\AssignmentScenes">
      <UniqueIdentifier>{3f7b40d7-2fd6-4d5a-b485-7e5c5c8b3c9a}</UniqueIdentifier>
    </Filter>
    <Filter Include="Engine\Interfaces">
      <UniqueIdentifier>{6ed1bb93-6eb3-45df-be53-a46ce6b49043}</UniqueIdentifier>
    </Filter>
    <Filter Include="Engine\Sound">
      <UniqueIdentifier>{6ff5e46c-c868-4c3c-89a7-04c7f91d6156}</UniqueIdentifier>
    </Filter>
  </ItemGroup>
  <ItemGroup>
    <ClCompile Include="main.cpp">
      <Filter>Source Files</Filter>
    </ClCompile>
    <ClCompile Include="Game.cpp">
      <Filter>Engine\Game</Filter>
    </ClCompile>
    <ClCompile Include="SceneManager.cpp">
      <Filter>Engine\Managers</Filter>
    </ClCompile>
    <ClCompile Include="InputHandler.cpp">
      <Filter>Engine</Filter>
    </ClCompile>
    <ClCompile Include="Scene.cpp">
      <Filter>Engine\Scenes</Filter>
    </ClCompile>
    <ClCompile Include="GameObject.cpp">
      <Filter>Engine\Components</Filter>
    </ClCompile>
    <ClCompile Include="TextureComponent.cpp">
      <Filter>Engine\Components</Filter>
    </ClCompile>
    <ClCompile Include="Texture.cpp">
      <Filter>Engine\Rendering</Filter>
    </ClCompile>
    <ClCompile Include="TextureManager.cpp">
      <Filter>Engine\Managers</Filter>
    </ClCompile>
    <ClCompile Include="TextComponent.cpp">
      <Filter>Engine\Components</Filter>
    </ClCompile>
    <ClCompile Include="FPSComponent.cpp">
      <Filter>Engine\Components\AssignmentComponents</Filter>
    </ClCompile>
    <ClCompile Include="TransformComponent.cpp">
      <Filter>Engine\Components</Filter>
    </ClCompile>
    <ClCompile Include="TestingScene.cpp">
      <Filter>Engine\Scenes\AssignmentScenes</Filter>
    </ClCompile>
    <ClCompile Include="RotationComponent.cpp">
      <Filter>Engine\Components\AssignmentComponents</Filter>
    </ClCompile>
    <ClCompile Include="SoundSystem.cpp">
      <Filter>Engine\Sound</Filter>
    </ClCompile>
    <ClCompile Include="ServiceLocator.cpp">
      <Filter>Engine\Managers</Filter>
    </ClCompile>
  </ItemGroup>
  <ItemGroup>
    <ClInclude Include="Game.h">
      <Filter>Engine\Game</Filter>
    </ClInclude>
    <ClInclude Include="ConfigManager.h">
      <Filter>Engine\Managers</Filter>
    </ClInclude>
    <ClInclude Include="GameStateManager.h">
      <Filter>Engine\Managers</Filter>
    </ClInclude>
    <ClInclude Include="SceneManager.h">
      <Filter>Engine\Managers</Filter>
    </ClInclude>
    <ClInclude Include="InputHandler.h">
      <Filter>Engine</Filter>
    </ClInclude>
    <ClInclude Include="Command.h">
      <Filter>Engine\Command</Filter>
    </ClInclude>
    <ClInclude Include="Scene.h">
      <Filter>Engine\Scenes</Filter>
    </ClInclude>
    <ClInclude Include="GameObject.h">
      <Filter>Engine\Components</Filter>
    </ClInclude>
    <ClInclude Include="Component.h">
      <Filter>Engine\Components</Filter>
    </ClInclude>
    <ClInclude Include="TransformComponent.h">
      <Filter>Engine\Components</Filter>
    </ClInclude>
    <ClInclude Include="TextureComponent.h">
      <Filter>Engine\Components</Filter>
    </ClInclude>
    <ClInclude Include="Singleton.h">
      <Filter>Engine</Filter>
    </ClInclude>
    <ClInclude Include="Texture.h">
      <Filter>Engine\Rendering</Filter>
    </ClInclude>
    <ClInclude Include="TextureManager.h">
      <Filter>Engine\Managers</Filter>
    </ClInclude>
    <ClInclude Include="TextComponent.h">
      <Filter>Engine\Components</Filter>
    </ClInclude>
    <ClInclude Include="FPSComponent.h">
      <Filter>Engine\Components\AssignmentComponents</Filter>
    </ClInclude>
    <ClInclude Include="TestingScene.h">
      <Filter>Engine\Scenes\AssignmentScenes</Filter>
    </ClInclude>
    <ClInclude Include="MenuInterface.h">
      <Filter>Engine\Interfaces</Filter>
    </ClInclude>
    <ClInclude Include="RotationComponent.h">
      <Filter>Engine\Components\AssignmentComponents</Filter>
    </ClInclude>
    <ClInclude Include="ServiceLocator.h">
      <Filter>Engine\Managers</Filter>
    </ClInclude>
    <ClInclude Include="SoundSystem.h">
      <Filter>Engine\Sound</Filter>
    </ClInclude>
  </ItemGroup>
</Project>